
Microsoft Visual Studio Solution File, Format Version 12.00
# Visual Studio 15
VisualStudioVersion = 15.0.28307.438
MinimumVisualStudioVersion = 10.0.40219.1
Project("{FAE04EC0-301F-11D3-BF4B-00C04F79EFBC}") = "ETicaretHiSabahV1", "ETicaretHiSabahV1\ETicaretHiSabahV1.csproj", "{D530411E-2F1E-40A5-82D8-FCC25D5405F4}"
EndProject
Project("{FAE04EC0-301F-11D3-BF4B-00C04F79EFBC}") = "ETicaretHiSabah.Admin", "ETicaretHiSabah.Admin\ETicaretHiSabah.Admin.csproj", "{C0302BC8-BE22-425E-9BFA-499CC84D9E74}"
EndProject
Project("{FAE04EC0-301F-11D3-BF4B-00C04F79EFBC}") = "ETicaret.DLL", "ETicaret.DLL\ETicaret.DLL.csproj", "{F7A454A3-6315-48FF-8F8E-9F799945FF22}"
EndProject
Project("{FAE04EC0-301F-11D3-BF4B-00C04F79EFBC}") = "ETicaret.BLL", "ETicaret.BLL\ETicaret.BLL.csproj", "{5FD527E1-24EA-49F0-9939-D17CCF7553AF}"
EndProject
Global
	GlobalSection(SolutionConfigurationPlatforms) = preSolution
		Debug|Any CPU = Debug|Any CPU
		Release|Any CPU = Release|Any CPU
	EndGlobalSection
	GlobalSection(ProjectConfigurationPlatforms) = postSolution
		{D530411E-2F1E-40A5-82D8-FCC25D5405F4}.Debug|Any CPU.ActiveCfg = Debug|Any CPU
		{D530411E-2F1E-40A5-82D8-FCC25D5405F4}.Debug|Any CPU.Build.0 = Debug|Any CPU
		{D530411E-2F1E-40A5-82D8-FCC25D5405F4}.Release|Any CPU.ActiveCfg = Release|Any CPU
		{D530411E-2F1E-40A5-82D8-FCC25D5405F4}.Release|Any CPU.Build.0 = Release|Any CPU
		{C0302BC8-BE22-425E-9BFA-499CC84D9E74}.Debug|Any CPU.ActiveCfg = Debug|Any CPU
		{C0302BC8-BE22-425E-9BFA-499CC84D9E74}.Debug|Any CPU.Build.0 = Debug|Any CPU
		{C0302BC8-BE22-425E-9BFA-499CC84D9E74}.Release|Any CPU.ActiveCfg = Release|Any CPU
		{C0302BC8-BE22-425E-9BFA-499CC84D9E74}.Release|Any CPU.Build.0 = Release|Any CPU
		{F7A454A3-6315-48FF-8F8E-9F799945FF22}.Debug|Any CPU.ActiveCfg = Debug|Any CPU
		{F7A454A3-6315-48FF-8F8E-9F799945FF22}.Debug|Any CPU.Build.0 = Debug|Any CPU
		{F7A454A3-6315-48FF-8F8E-9F799945FF22}.Release|Any CPU.ActiveCfg = Release|Any CPU
		{F7A454A3-6315-48FF-8F8E-9F799945FF22}.Release|Any CPU.Build.0 = Release|Any CPU
		{5FD527E1-24EA-49F0-9939-D17CCF7553AF}.Debug|Any CPU.ActiveCfg = Debug|Any CPU
		{5FD527E1-24EA-49F0-9939-D17CCF7553AF}.Debug|Any CPU.Build.0 = Debug|Any CPU
		{5FD527E1-24EA-49F0-9939-D17CCF7553AF}.Release|Any CPU.ActiveCfg = Release|Any CPU
		{5FD527E1-24EA-49F0-9939-D17CCF7553AF}.Release|Any CPU.Build.0 = Release|Any CPU
	EndGlobalSection
	GlobalSection(SolutionProperties) = preSolution
		HideSolutionNode = FALSE
	EndGlobalSection
	GlobalSection(ExtensibilityGlobals) = postSolution
		SolutionGuid = {A1C96037-D246-44A6-88F1-86131D1F1002}
	EndGlobalSection
EndGlobal
